
Microsoft Visual Studio Solution File, Format Version 12.00
# Visual Studio 15
VisualStudioVersion = 15.0.28307.106
MinimumVisualStudioVersion = 10.0.40219.1
Project("{FAE04EC0-301F-11D3-BF4B-00C04F79EFBC}") = "GlowPodMobile.Android", "GlowPodMobile\GlowPodMobile.Android\GlowPodMobile.Android.csproj", "{E1F8A320-3C17-46D9-A226-766F58FFBA2E}"
EndProject
Project("{FAE04EC0-301F-11D3-BF4B-00C04F79EFBC}") = "GlowPodMobile.iOS", "GlowPodMobile\GlowPodMobile.iOS\GlowPodMobile.iOS.csproj", "{849BD32B-8BFB-4062-B0B5-5FCB18ECF3A2}"
EndProject
Project("{FAE04EC0-301F-11D3-BF4B-00C04F79EFBC}") = "GlowPodMobile.UWP", "GlowPodMobile\GlowPodMobile.UWP\GlowPodMobile.UWP.csproj", "{535561AE-740A-404B-8352-89714044BEF0}"
EndProject
Project("{FAE04EC0-301F-11D3-BF4B-00C04F79EFBC}") = "GlowPodMobile", "GlowPodMobile\GlowPodMobile\GlowPodMobile.csproj", "{B83760C8-7D2C-440C-9523-A90BC42926FE}"
EndProject
Global
	GlobalSection(SolutionConfigurationPlatforms) = preSolution
		Ad-Hoc|Any CPU = Ad-Hoc|Any CPU
		Ad-Hoc|ARM = Ad-Hoc|ARM
		Ad-Hoc|iPhone = Ad-Hoc|iPhone
		Ad-Hoc|iPhoneSimulator = Ad-Hoc|iPhoneSimulator
		Ad-Hoc|x64 = Ad-Hoc|x64
		Ad-Hoc|x86 = Ad-Hoc|x86
		AppStore|Any CPU = AppStore|Any CPU
		AppStore|ARM = AppStore|ARM
		AppStore|iPhone = AppStore|iPhone
		AppStore|iPhoneSimulator = AppStore|iPhoneSimulator
		AppStore|x64 = AppStore|x64
		AppStore|x86 = AppStore|x86
		Debug|Any CPU = Debug|Any CPU
		Debug|ARM = Debug|ARM
		Debug|iPhone = Debug|iPhone
		Debug|iPhoneSimulator = Debug|iPhoneSimulator
		Debug|x64 = Debug|x64
		Debug|x86 = Debug|x86
		Release|Any CPU = Release|Any CPU
		Release|ARM = Release|ARM
		Release|iPhone = Release|iPhone
		Release|iPhoneSimulator = Release|iPhoneSimulator
		Release|x64 = Release|x64
		Release|x86 = Release|x86
	EndGlobalSection
	GlobalSection(ProjectConfigurationPlatforms) = postSolution
		{E1F8A320-3C17-46D9-A226-766F58FFBA2E}.Ad-Hoc|Any CPU.ActiveCfg = Release|Any CPU
		{E1F8A320-3C17-46D9-A226-766F58FFBA2E}.Ad-Hoc|Any CPU.Build.0 = Release|Any CPU
		{E1F8A320-3C17-46D9-A226-766F58FFBA2E}.Ad-Hoc|Any CPU.Deploy.0 = Release|Any CPU
		{E1F8A320-3C17-46D9-A226-766F58FFBA2E}.Ad-Hoc|ARM.ActiveCfg = Release|Any CPU
		{E1F8A320-3C17-46D9-A226-766F58FFBA2E}.Ad-Hoc|ARM.Build.0 = Release|Any CPU
		{E1F8A320-3C17-46D9-A226-766F58FFBA2E}.Ad-Hoc|ARM.Deploy.0 = Release|Any CPU
		{E1F8A320-3C17-46D9-A226-766F58FFBA2E}.Ad-Hoc|iPhone.ActiveCfg = Release|Any CPU
		{E1F8A320-3C17-46D9-A226-766F58FFBA2E}.Ad-Hoc|iPhone.Build.0 = Release|Any CPU
		{E1F8A320-3C17-46D9-A226-766F58FFBA2E}.Ad-Hoc|iPhone.Deploy.0 = Release|Any CPU
		{E1F8A320-3C17-46D9-A226-766F58FFBA2E}.Ad-Hoc|iPhoneSimulator.ActiveCfg = Release|Any CPU
		{E1F8A320-3C17-46D9-A226-766F58FFBA2E}.Ad-Hoc|iPhoneSimulator.Build.0 = Release|Any CPU
		{E1F8A320-3C17-46D9-A226-766F58FFBA2E}.Ad-Hoc|iPhoneSimulator.Deploy.0 = Release|Any CPU
		{E1F8A320-3C17-46D9-A226-766F58FFBA2E}.Ad-Hoc|x64.ActiveCfg = Release|Any CPU
		{E1F8A320-3C17-46D9-A226-766F58FFBA2E}.Ad-Hoc|x64.Build.0 = Release|Any CPU
		{E1F8A320-3C17-46D9-A226-766F58FFBA2E}.Ad-Hoc|x64.Deploy.0 = Release|Any CPU
		{E1F8A320-3C17-46D9-A226-766F58FFBA2E}.Ad-Hoc|x86.ActiveCfg = Release|Any CPU
		{E1F8A320-3C17-46D9-A226-766F58FFBA2E}.Ad-Hoc|x86.Build.0 = Release|Any CPU
		{E1F8A320-3C17-46D9-A226-766F58FFBA2E}.Ad-Hoc|x86.Deploy.0 = Release|Any CPU
		{E1F8A320-3C17-46D9-A226-766F58FFBA2E}.AppStore|Any CPU.ActiveCfg = Release|Any CPU
		{E1F8A320-3C17-46D9-A226-766F58FFBA2E}.AppStore|Any CPU.Build.0 = Release|Any CPU
		{E1F8A320-3C17-46D9-A226-766F58FFBA2E}.AppStore|Any CPU.Deploy.0 = Release|Any CPU
		{E1F8A320-3C17-46D9-A226-766F58FFBA2E}.AppStore|ARM.ActiveCfg = Release|Any CPU
		{E1F8A320-3C17-46D9-A226-766F58FFBA2E}.AppStore|ARM.Build.0 = Release|Any CPU
		{E1F8A320-3C17-46D9-A226-766F58FFBA2E}.AppStore|ARM.Deploy.0 = Release|Any CPU
		{E1F8A320-3C17-46D9-A226-766F58FFBA2E}.AppStore|iPhone.ActiveCfg = Release|Any CPU
		{E1F8A320-3C17-46D9-A226-766F58FFBA2E}.AppStore|iPhone.Build.0 = Release|Any CPU
		{E1F8A320-3C17-46D9-A226-766F58FFBA2E}.AppStore|iPhone.Deploy.0 = Release|Any CPU
		{E1F8A320-3C17-46D9-A226-766F58FFBA2E}.AppStore|iPhoneSimulator.ActiveCfg = Release|Any CPU
		{E1F8A320-3C17-46D9-A226-766F58FFBA2E}.AppStore|iPhoneSimulator.Build.0 = Release|Any CPU
		{E1F8A320-3C17-46D9-A226-766F58FFBA2E}.AppStore|iPhoneSimulator.Deploy.0 = Release|Any CPU
		{E1F8A320-3C17-46D9-A226-766F58FFBA2E}.AppStore|x64.ActiveCfg = Release|Any CPU
		{E1F8A320-3C17-46D9-A226-766F58FFBA2E}.AppStore|x64.Build.0 = Release|Any CPU
		{E1F8A320-3C17-46D9-A226-766F58FFBA2E}.AppStore|x64.Deploy.0 = Release|Any CPU
		{E1F8A320-3C17-46D9-A226-766F58FFBA2E}.AppStore|x86.ActiveCfg = Release|Any CPU
		{E1F8A320-3C17-46D9-A226-766F58FFBA2E}.AppStore|x86.Build.0 = Release|Any CPU
		{E1F8A320-3C17-46D9-A226-766F58FFBA2E}.AppStore|x86.Deploy.0 = Release|Any CPU
		{E1F8A320-3C17-46D9-A226-766F58FFBA2E}.Debug|Any CPU.ActiveCfg = Debug|Any CPU
		{E1F8A320-3C17-46D9-A226-766F58FFBA2E}.Debug|Any CPU.Build.0 = Debug|Any CPU
		{E1F8A320-3C17-46D9-A226-766F58FFBA2E}.Debug|Any CPU.Deploy.0 = Debug|Any CPU
		{E1F8A320-3C17-46D9-A226-766F58FFBA2E}.Debug|ARM.ActiveCfg = Debug|Any CPU
		{E1F8A320-3C17-46D9-A226-766F58FFBA2E}.Debug|ARM.Build.0 = Debug|Any CPU
		{E1F8A320-3C17-46D9-A226-766F58FFBA2E}.Debug|ARM.Deploy.0 = Debug|Any CPU
		{E1F8A320-3C17-46D9-A226-766F58FFBA2E}.Debug|iPhone.ActiveCfg = Debug|Any CPU
		{E1F8A320-3C17-46D9-A226-766F58FFBA2E}.Debug|iPhone.Build.0 = Debug|Any CPU
		{E1F8A320-3C17-46D9-A226-766F58FFBA2E}.Debug|iPhone.Deploy.0 = Debug|Any CPU
		{E1F8A320-3C17-46D9-A226-766F58FFBA2E}.Debug|iPhoneSimulator.ActiveCfg = Debug|Any CPU
		{E1F8A320-3C17-46D9-A226-766F58FFBA2E}.Debug|iPhoneSimulator.Build.0 = Debug|Any CPU
		{E1F8A320-3C17-46D9-A226-766F58FFBA2E}.Debug|iPhoneSimulator.Deploy.0 = Debug|Any CPU
		{E1F8A320-3C17-46D9-A226-766F58FFBA2E}.Debug|x64.ActiveCfg = Debug|Any CPU
		{E1F8A320-3C17-46D9-A226-766F58FFBA2E}.Debug|x64.Build.0 = Debug|Any CPU
		{E1F8A320-3C17-46D9-A226-766F58FFBA2E}.Debug|x64.Deploy.0 = Debug|Any CPU
		{E1F8A320-3C17-46D9-A226-766F58FFBA2E}.Debug|x86.ActiveCfg = Debug|Any CPU
		{E1F8A320-3C17-46D9-A226-766F58FFBA2E}.Debug|x86.Build.0 = Debug|Any CPU
		{E1F8A320-3C17-46D9-A226-766F58FFBA2E}.Debug|x86.Deploy.0 = Debug|Any CPU
		{E1F8A320-3C17-46D9-A226-766F58FFBA2E}.Release|Any CPU.ActiveCfg = Release|Any CPU
		{E1F8A320-3C17-46D9-A226-766F58FFBA2E}.Release|Any CPU.Build.0 = Release|Any CPU
		{E1F8A320-3C17-46D9-A226-766F58FFBA2E}.Release|Any CPU.Deploy.0 = Release|Any CPU
		{E1F8A320-3C17-46D9-A226-766F58FFBA2E}.Release|ARM.ActiveCfg = Release|Any CPU
		{E1F8A320-3C17-46D9-A226-766F58FFBA2E}.Release|ARM.Build.0 = Release|Any CPU
		{E1F8A320-3C17-46D9-A226-766F58FFBA2E}.Release|ARM.Deploy.0 = Release|Any CPU
		{E1F8A320-3C17-46D9-A226-766F58FFBA2E}.Release|iPhone.ActiveCfg = Release|Any CPU
		{E1F8A320-3C17-46D9-A226-766F58FFBA2E}.Release|iPhone.Build.0 = Release|Any CPU
		{E1F8A320-3C17-46D9-A226-766F58FFBA2E}.Release|iPhone.Deploy.0 = Release|Any CPU
		{E1F8A320-3C17-46D9-A226-766F58FFBA2E}.Release|iPhoneSimulator.ActiveCfg = Release|Any CPU
		{E1F8A320-3C17-46D9-A226-766F58FFBA2E}.Release|iPhoneSimulator.Build.0 = Release|Any CPU
		{E1F8A320-3C17-46D9-A226-766F58FFBA2E}.Release|iPhoneSimulator.Deploy.0 = Release|Any CPU
		{E1F8A320-3C17-46D9-A226-766F58FFBA2E}.Release|x64.ActiveCfg = Release|Any CPU
		{E1F8A320-3C17-46D9-A226-766F58FFBA2E}.Release|x64.Build.0 = Release|Any CPU
		{E1F8A320-3C17-46D9-A226-766F58FFBA2E}.Release|x64.Deploy.0 = Release|Any CPU
		{E1F8A320-3C17-46D9-A226-766F58FFBA2E}.Release|x86.ActiveCfg = Release|Any CPU
		{E1F8A320-3C17-46D9-A226-766F58FFBA2E}.Release|x86.Build.0 = Release|Any CPU
		{E1F8A320-3C17-46D9-A226-766F58FFBA2E}.Release|x86.Deploy.0 = Release|Any CPU
		{849BD32B-8BFB-4062-B0B5-5FCB18ECF3A2}.Ad-Hoc|Any CPU.ActiveCfg = Ad-Hoc|iPhone
		{849BD32B-8BFB-4062-B0B5-5FCB18ECF3A2}.Ad-Hoc|Any CPU.Build.0 = Ad-Hoc|iPhone
		{849BD32B-8BFB-4062-B0B5-5FCB18ECF3A2}.Ad-Hoc|Any CPU.Deploy.0 = Ad-Hoc|iPhone
		{849BD32B-8BFB-4062-B0B5-5FCB18ECF3A2}.Ad-Hoc|ARM.ActiveCfg = Ad-Hoc|iPhone
		{849BD32B-8BFB-4062-B0B5-5FCB18ECF3A2}.Ad-Hoc|ARM.Build.0 = Ad-Hoc|iPhone
		{849BD32B-8BFB-4062-B0B5-5FCB18ECF3A2}.Ad-Hoc|ARM.Deploy.0 = Ad-Hoc|iPhone
		{849BD32B-8BFB-4062-B0B5-5FCB18ECF3A2}.Ad-Hoc|iPhone.ActiveCfg = Ad-Hoc|iPhone
		{849BD32B-8BFB-4062-B0B5-5FCB18ECF3A2}.Ad-Hoc|iPhone.Build.0 = Ad-Hoc|iPhone
		{849BD32B-8BFB-4062-B0B5-5FCB18ECF3A2}.Ad-Hoc|iPhone.Deploy.0 = Ad-Hoc|iPhone
		{849BD32B-8BFB-4062-B0B5-5FCB18ECF3A2}.Ad-Hoc|iPhoneSimulator.ActiveCfg = Ad-Hoc|iPhoneSimulator
		{849BD32B-8BFB-4062-B0B5-5FCB18ECF3A2}.Ad-Hoc|iPhoneSimulator.Build.0 = Ad-Hoc|iPhoneSimulator
		{849BD32B-8BFB-4062-B0B5-5FCB18ECF3A2}.Ad-Hoc|iPhoneSimulator.Deploy.0 = Ad-Hoc|iPhoneSimulator
		{849BD32B-8BFB-4062-B0B5-5FCB18ECF3A2}.Ad-Hoc|x64.ActiveCfg = Ad-Hoc|iPhone
		{849BD32B-8BFB-4062-B0B5-5FCB18ECF3A2}.Ad-Hoc|x64.Build.0 = Ad-Hoc|iPhone
		{849BD32B-8BFB-4062-B0B5-5FCB18ECF3A2}.Ad-Hoc|x64.Deploy.0 = Ad-Hoc|iPhone
		{849BD32B-8BFB-4062-B0B5-5FCB18ECF3A2}.Ad-Hoc|x86.ActiveCfg = Ad-Hoc|iPhone
		{849BD32B-8BFB-4062-B0B5-5FCB18ECF3A2}.Ad-Hoc|x86.Build.0 = Ad-Hoc|iPhone
		{849BD32B-8BFB-4062-B0B5-5FCB18ECF3A2}.Ad-Hoc|x86.Deploy.0 = Ad-Hoc|iPhone
		{849BD32B-8BFB-4062-B0B5-5FCB18ECF3A2}.AppStore|Any CPU.ActiveCfg = AppStore|iPhone
		{849BD32B-8BFB-4062-B0B5-5FCB18ECF3A2}.AppStore|Any CPU.Build.0 = AppStore|iPhone
		{849BD32B-8BFB-4062-B0B5-5FCB18ECF3A2}.AppStore|Any CPU.Deploy.0 = AppStore|iPhone
		{849BD32B-8BFB-4062-B0B5-5FCB18ECF3A2}.AppStore|ARM.ActiveCfg = AppStore|iPhone
		{849BD32B-8BFB-4062-B0B5-5FCB18ECF3A2}.AppStore|ARM.Build.0 = AppStore|iPhone
		{849BD32B-8BFB-4062-B0B5-5FCB18ECF3A2}.AppStore|ARM.Deploy.0 = AppStore|iPhone
		{849BD32B-8BFB-4062-B0B5-5FCB18ECF3A2}.AppStore|iPhone.ActiveCfg = AppStore|iPhone
		{849BD32B-8BFB-4062-B0B5-5FCB18ECF3A2}.AppStore|iPhone.Build.0 = AppStore|iPhone
		{849BD32B-8BFB-4062-B0B5-5FCB18ECF3A2}.AppStore|iPhone.Deploy.0 = AppStore|iPhone
		{849BD32B-8BFB-4062-B0B5-5FCB18ECF3A2}.AppStore|iPhoneSimulator.ActiveCfg = AppStore|iPhoneSimulator
		{849BD32B-8BFB-4062-B0B5-5FCB18ECF3A2}.AppStore|iPhoneSimulator.Build.0 = AppStore|iPhoneSimulator
		{849BD32B-8BFB-4062-B0B5-5FCB18ECF3A2}.AppStore|iPhoneSimulator.Deploy.0 = AppStore|iPhoneSimulator
		{849BD32B-8BFB-4062-B0B5-5FCB18ECF3A2}.AppStore|x64.ActiveCfg = AppStore|iPhone
		{849BD32B-8BFB-4062-B0B5-5FCB18ECF3A2}.AppStore|x64.Build.0 = AppStore|iPhone
		{849BD32B-8BFB-4062-B0B5-5FCB18ECF3A2}.AppStore|x64.Deploy.0 = AppStore|iPhone
		{849BD32B-8BFB-4062-B0B5-5FCB18ECF3A2}.AppStore|x86.ActiveCfg = AppStore|iPhone
		{849BD32B-8BFB-4062-B0B5-5FCB18ECF3A2}.AppStore|x86.Build.0 = AppStore|iPhone
		{849BD32B-8BFB-4062-B0B5-5FCB18ECF3A2}.AppStore|x86.Deploy.0 = AppStore|iPhone
		{849BD32B-8BFB-4062-B0B5-5FCB18ECF3A2}.Debug|Any CPU.ActiveCfg = Debug|iPhoneSimulator
		{849BD32B-8BFB-4062-B0B5-5FCB18ECF3A2}.Debug|Any CPU.Build.0 = Debug|iPhoneSimulator
		{849BD32B-8BFB-4062-B0B5-5FCB18ECF3A2}.Debug|Any CPU.Deploy.0 = Debug|iPhoneSimulator
		{849BD32B-8BFB-4062-B0B5-5FCB18ECF3A2}.Debug|ARM.ActiveCfg = Debug|iPhone
		{849BD32B-8BFB-4062-B0B5-5FCB18ECF3A2}.Debug|ARM.Build.0 = Debug|iPhone
		{849BD32B-8BFB-4062-B0B5-5FCB18ECF3A2}.Debug|ARM.Deploy.0 = Debug|iPhone
		{849BD32B-8BFB-4062-B0B5-5FCB18ECF3A2}.Debug|iPhone.ActiveCfg = Debug|iPhone
		{849BD32B-8BFB-4062-B0B5-5FCB18ECF3A2}.Debug|iPhone.Build.0 = Debug|iPhone
		{849BD32B-8BFB-4062-B0B5-5FCB18ECF3A2}.Debug|iPhone.Deploy.0 = Debug|iPhone
		{849BD32B-8BFB-4062-B0B5-5FCB18ECF3A2}.Debug|iPhoneSimulator.ActiveCfg = Debug|iPhoneSimulator
		{849BD32B-8BFB-4062-B0B5-5FCB18ECF3A2}.Debug|iPhoneSimulator.Build.0 = Debug|iPhoneSimulator
		{849BD32B-8BFB-4062-B0B5-5FCB18ECF3A2}.Debug|iPhoneSimulator.Deploy.0 = Debug|iPhoneSimulator
		{849BD32B-8BFB-4062-B0B5-5FCB18ECF3A2}.Debug|x64.ActiveCfg = Debug|iPhone
		{849BD32B-8BFB-4062-B0B5-5FCB18ECF3A2}.Debug|x64.Build.0 = Debug|iPhone
		{849BD32B-8BFB-4062-B0B5-5FCB18ECF3A2}.Debug|x64.Deploy.0 = Debug|iPhone
		{849BD32B-8BFB-4062-B0B5-5FCB18ECF3A2}.Debug|x86.ActiveCfg = Debug|iPhone
		{849BD32B-8BFB-4062-B0B5-5FCB18ECF3A2}.Debug|x86.Build.0 = Debug|iPhone
		{849BD32B-8BFB-4062-B0B5-5FCB18ECF3A2}.Debug|x86.Deploy.0 = Debug|iPhone
		{849BD32B-8BFB-4062-B0B5-5FCB18ECF3A2}.Release|Any CPU.ActiveCfg = Release|iPhone
		{849BD32B-8BFB-4062-B0B5-5FCB18ECF3A2}.Release|Any CPU.Build.0 = Release|iPhone
		{849BD32B-8BFB-4062-B0B5-5FCB18ECF3A2}.Release|Any CPU.Deploy.0 = Release|iPhone
		{849BD32B-8BFB-4062-B0B5-5FCB18ECF3A2}.Release|ARM.ActiveCfg = Release|iPhone
		{849BD32B-8BFB-4062-B0B5-5FCB18ECF3A2}.Release|ARM.Build.0 = Release|iPhone
		{849BD32B-8BFB-4062-B0B5-5FCB18ECF3A2}.Release|ARM.Deploy.0 = Release|iPhone
		{849BD32B-8BFB-4062-B0B5-5FCB18ECF3A2}.Release|iPhone.ActiveCfg = Release|iPhone
		{849BD32B-8BFB-4062-B0B5-5FCB18ECF3A2}.Release|iPhone.Build.0 = Release|iPhone
		{849BD32B-8BFB-4062-B0B5-5FCB18ECF3A2}.Release|iPhone.Deploy.0 = Release|iPhone
		{849BD32B-8BFB-4062-B0B5-5FCB18ECF3A2}.Release|iPhoneSimulator.ActiveCfg = Release|iPhoneSimulator
		{849BD32B-8BFB-4062-B0B5-5FCB18ECF3A2}.Release|iPhoneSimulator.Build.0 = Release|iPhoneSimulator
		{849BD32B-8BFB-4062-B0B5-5FCB18ECF3A2}.Release|iPhoneSimulator.Deploy.0 = Release|iPhoneSimulator
		{849BD32B-8BFB-4062-B0B5-5FCB18ECF3A2}.Release|x64.ActiveCfg = Release|iPhone
		{849BD32B-8BFB-4062-B0B5-5FCB18ECF3A2}.Release|x64.Build.0 = Release|iPhone
		{849BD32B-8BFB-4062-B0B5-5FCB18ECF3A2}.Release|x64.Deploy.0 = Release|iPhone
		{849BD32B-8BFB-4062-B0B5-5FCB18ECF3A2}.Release|x86.ActiveCfg = Release|iPhone
		{849BD32B-8BFB-4062-B0B5-5FCB18ECF3A2}.Release|x86.Build.0 = Release|iPhone
		{849BD32B-8BFB-4062-B0B5-5FCB18ECF3A2}.Release|x86.Deploy.0 = Release|iPhone
		{535561AE-740A-404B-8352-89714044BEF0}.Ad-Hoc|Any CPU.ActiveCfg = Release|x86
		{535561AE-740A-404B-8352-89714044BEF0}.Ad-Hoc|Any CPU.Build.0 = Release|x86
		{535561AE-740A-404B-8352-89714044BEF0}.Ad-Hoc|Any CPU.Deploy.0 = Release|x86
		{535561AE-740A-404B-8352-89714044BEF0}.Ad-Hoc|ARM.ActiveCfg = Release|ARM
		{535561AE-740A-404B-8352-89714044BEF0}.Ad-Hoc|ARM.Build.0 = Release|ARM
		{535561AE-740A-404B-8352-89714044BEF0}.Ad-Hoc|ARM.Deploy.0 = Release|ARM
		{535561AE-740A-404B-8352-89714044BEF0}.Ad-Hoc|iPhone.ActiveCfg = Release|x86
		{535561AE-740A-404B-8352-89714044BEF0}.Ad-Hoc|iPhone.Build.0 = Release|x86
		{535561AE-740A-404B-8352-89714044BEF0}.Ad-Hoc|iPhone.Deploy.0 = Release|x86
		{535561AE-740A-404B-8352-89714044BEF0}.Ad-Hoc|iPhoneSimulator.ActiveCfg = Release|x86
		{535561AE-740A-404B-8352-89714044BEF0}.Ad-Hoc|iPhoneSimulator.Build.0 = Release|x86
		{535561AE-740A-404B-8352-89714044BEF0}.Ad-Hoc|iPhoneSimulator.Deploy.0 = Release|x86
		{535561AE-740A-404B-8352-89714044BEF0}.Ad-Hoc|x64.ActiveCfg = Release|x64
		{535561AE-740A-404B-8352-89714044BEF0}.Ad-Hoc|x64.Build.0 = Release|x64
		{535561AE-740A-404B-8352-89714044BEF0}.Ad-Hoc|x64.Deploy.0 = Release|x64
		{535561AE-740A-404B-8352-89714044BEF0}.Ad-Hoc|x86.ActiveCfg = Release|x86
		{535561AE-740A-404B-8352-89714044BEF0}.Ad-Hoc|x86.Build.0 = Release|x86
		{535561AE-740A-404B-8352-89714044BEF0}.Ad-Hoc|x86.Deploy.0 = Release|x86
		{535561AE-740A-404B-8352-89714044BEF0}.AppStore|Any CPU.ActiveCfg = Release|x86
		{535561AE-740A-404B-8352-89714044BEF0}.AppStore|Any CPU.Build.0 = Release|x86
		{535561AE-740A-404B-8352-89714044BEF0}.AppStore|Any CPU.Deploy.0 = Release|x86
		{535561AE-740A-404B-8352-89714044BEF0}.AppStore|ARM.ActiveCfg = Release|ARM
		{535561AE-740A-404B-8352-89714044BEF0}.AppStore|ARM.Build.0 = Release|ARM
		{535561AE-740A-404B-8352-89714044BEF0}.AppStore|ARM.Deploy.0 = Release|ARM
		{535561AE-740A-404B-8352-89714044BEF0}.AppStore|iPhone.ActiveCfg = Release|x86
		{535561AE-740A-404B-8352-89714044BEF0}.AppStore|iPhone.Build.0 = Release|x86
		{535561AE-740A-404B-8352-89714044BEF0}.AppStore|iPhone.Deploy.0 = Release|x86
		{535561AE-740A-404B-8352-89714044BEF0}.AppStore|iPhoneSimulator.ActiveCfg = Release|x86
		{535561AE-740A-404B-8352-89714044BEF0}.AppStore|iPhoneSimulator.Build.0 = Release|x86
		{535561AE-740A-404B-8352-89714044BEF0}.AppStore|iPhoneSimulator.Deploy.0 = Release|x86
		{535561AE-740A-404B-8352-89714044BEF0}.AppStore|x64.ActiveCfg = Release|x64
		{535561AE-740A-404B-8352-89714044BEF0}.AppStore|x64.Build.0 = Release|x64
		{535561AE-740A-404B-8352-89714044BEF0}.AppStore|x64.Deploy.0 = Release|x64
		{535561AE-740A-404B-8352-89714044BEF0}.AppStore|x86.ActiveCfg = Release|x86
		{535561AE-740A-404B-8352-89714044BEF0}.AppStore|x86.Build.0 = Release|x86
		{535561AE-740A-404B-8352-89714044BEF0}.AppStore|x86.Deploy.0 = Release|x86
		{535561AE-740A-404B-8352-89714044BEF0}.Debug|Any CPU.ActiveCfg = Debug|x86
		{535561AE-740A-404B-8352-89714044BEF0}.Debug|Any CPU.Build.0 = Debug|x86
		{535561AE-740A-404B-8352-89714044BEF0}.Debug|Any CPU.Deploy.0 = Debug|x86
		{535561AE-740A-404B-8352-89714044BEF0}.Debug|ARM.ActiveCfg = Debug|ARM
		{535561AE-740A-404B-8352-89714044BEF0}.Debug|ARM.Build.0 = Debug|ARM
		{535561AE-740A-404B-8352-89714044BEF0}.Debug|ARM.Deploy.0 = Debug|ARM
		{535561AE-740A-404B-8352-89714044BEF0}.Debug|iPhone.ActiveCfg = Debug|x86
		{535561AE-740A-404B-8352-89714044BEF0}.Debug|iPhone.Build.0 = Debug|x86
		{535561AE-740A-404B-8352-89714044BEF0}.Debug|iPhone.Deploy.0 = Debug|x86
		{535561AE-740A-404B-8352-89714044BEF0}.Debug|iPhoneSimulator.ActiveCfg = Debug|x86
		{535561AE-740A-404B-8352-89714044BEF0}.Debug|iPhoneSimulator.Build.0 = Debug|x86
		{535561AE-740A-404B-8352-89714044BEF0}.Debug|iPhoneSimulator.Deploy.0 = Debug|x86
		{535561AE-740A-404B-8352-89714044BEF0}.Debug|x64.ActiveCfg = Debug|x64
		{535561AE-740A-404B-8352-89714044BEF0}.Debug|x64.Build.0 = Debug|x64
		{535561AE-740A-404B-8352-89714044BEF0}.Debug|x64.Deploy.0 = Debug|x64
		{535561AE-740A-404B-8352-89714044BEF0}.Debug|x86.ActiveCfg = Debug|x86
		{535561AE-740A-404B-8352-89714044BEF0}.Debug|x86.Build.0 = Debug|x86
		{535561AE-740A-404B-8352-89714044BEF0}.Debug|x86.Deploy.0 = Debug|x86
		{535561AE-740A-404B-8352-89714044BEF0}.Release|Any CPU.ActiveCfg = Release|x86
		{535561AE-740A-404B-8352-89714044BEF0}.Release|Any CPU.Build.0 = Release|x86
		{535561AE-740A-404B-8352-89714044BEF0}.Release|Any CPU.Deploy.0 = Release|x86
		{535561AE-740A-404B-8352-89714044BEF0}.Release|ARM.ActiveCfg = Release|ARM
		{535561AE-740A-404B-8352-89714044BEF0}.Release|ARM.Build.0 = Release|ARM
		{535561AE-740A-404B-8352-89714044BEF0}.Release|ARM.Deploy.0 = Release|ARM
		{535561AE-740A-404B-8352-89714044BEF0}.Release|iPhone.ActiveCfg = Release|x86
		{535561AE-740A-404B-8352-89714044BEF0}.Release|iPhone.Build.0 = Release|x86
		{535561AE-740A-404B-8352-89714044BEF0}.Release|iPhone.Deploy.0 = Release|x86
		{535561AE-740A-404B-8352-89714044BEF0}.Release|iPhoneSimulator.ActiveCfg = Release|x86
		{535561AE-740A-404B-8352-89714044BEF0}.Release|iPhoneSimulator.Build.0 = Release|x86
		{535561AE-740A-404B-8352-89714044BEF0}.Release|iPhoneSimulator.Deploy.0 = Release|x86
		{535561AE-740A-404B-8352-89714044BEF0}.Release|x64.ActiveCfg = Release|x64
		{535561AE-740A-404B-8352-89714044BEF0}.Release|x64.Build.0 = Release|x64
		{535561AE-740A-404B-8352-89714044BEF0}.Release|x64.Deploy.0 = Release|x64
		{535561AE-740A-404B-8352-89714044BEF0}.Release|x86.ActiveCfg = Release|x86
		{535561AE-740A-404B-8352-89714044BEF0}.Release|x86.Build.0 = Release|x86
		{535561AE-740A-404B-8352-89714044BEF0}.Release|x86.Deploy.0 = Release|x86
		{B83760C8-7D2C-440C-9523-A90BC42926FE}.Ad-Hoc|Any CPU.ActiveCfg = Debug|Any CPU
		{B83760C8-7D2C-440C-9523-A90BC42926FE}.Ad-Hoc|Any CPU.Build.0 = Debug|Any CPU
		{B83760C8-7D2C-440C-9523-A90BC42926FE}.Ad-Hoc|Any CPU.Deploy.0 = Debug|Any CPU
		{B83760C8-7D2C-440C-9523-A90BC42926FE}.Ad-Hoc|ARM.ActiveCfg = Debug|Any CPU
		{B83760C8-7D2C-440C-9523-A90BC42926FE}.Ad-Hoc|ARM.Build.0 = Debug|Any CPU
		{B83760C8-7D2C-440C-9523-A90BC42926FE}.Ad-Hoc|ARM.Deploy.0 = Debug|Any CPU
		{B83760C8-7D2C-440C-9523-A90BC42926FE}.Ad-Hoc|iPhone.ActiveCfg = Debug|Any CPU
		{B83760C8-7D2C-440C-9523-A90BC42926FE}.Ad-Hoc|iPhone.Build.0 = Debug|Any CPU
		{B83760C8-7D2C-440C-9523-A90BC42926FE}.Ad-Hoc|iPhone.Deploy.0 = Debug|Any CPU
		{B83760C8-7D2C-440C-9523-A90BC42926FE}.Ad-Hoc|iPhoneSimulator.ActiveCfg = Debug|Any CPU
		{B83760C8-7D2C-440C-9523-A90BC42926FE}.Ad-Hoc|iPhoneSimulator.Build.0 = Debug|Any CPU
		{B83760C8-7D2C-440C-9523-A90BC42926FE}.Ad-Hoc|iPhoneSimulator.Deploy.0 = Debug|Any CPU
		{B83760C8-7D2C-440C-9523-A90BC42926FE}.Ad-Hoc|x64.ActiveCfg = Debug|Any CPU
		{B83760C8-7D2C-440C-9523-A90BC42926FE}.Ad-Hoc|x64.Build.0 = Debug|Any CPU
		{B83760C8-7D2C-440C-9523-A90BC42926FE}.Ad-Hoc|x64.Deploy.0 = Debug|Any CPU
		{B83760C8-7D2C-440C-9523-A90BC42926FE}.Ad-Hoc|x86.ActiveCfg = Debug|Any CPU
		{B83760C8-7D2C-440C-9523-A90BC42926FE}.Ad-Hoc|x86.Build.0 = Debug|Any CPU
		{B83760C8-7D2C-440C-9523-A90BC42926FE}.Ad-Hoc|x86.Deploy.0 = Debug|Any CPU
		{B83760C8-7D2C-440C-9523-A90BC42926FE}.AppStore|Any CPU.ActiveCfg = Debug|Any CPU
		{B83760C8-7D2C-440C-9523-A90BC42926FE}.AppStore|Any CPU.Build.0 = Debug|Any CPU
		{B83760C8-7D2C-440C-9523-A90BC42926FE}.AppStore|Any CPU.Deploy.0 = Debug|Any CPU
		{B83760C8-7D2C-440C-9523-A90BC42926FE}.AppStore|ARM.ActiveCfg = Debug|Any CPU
		{B83760C8-7D2C-440C-9523-A90BC42926FE}.AppStore|ARM.Build.0 = Debug|Any CPU
		{B83760C8-7D2C-440C-9523-A90BC42926FE}.AppStore|ARM.Deploy.0 = Debug|Any CPU
		{B83760C8-7D2C-440C-9523-A90BC42926FE}.AppStore|iPhone.ActiveCfg = Debug|Any CPU
		{B83760C8-7D2C-440C-9523-A90BC42926FE}.AppStore|iPhone.Build.0 = Debug|Any CPU
		{B83760C8-7D2C-440C-9523-A90BC42926FE}.AppStore|iPhone.Deploy.0 = Debug|Any CPU
		{B83760C8-7D2C-440C-9523-A90BC42926FE}.AppStore|iPhoneSimulator.ActiveCfg = Debug|Any CPU
		{B83760C8-7D2C-440C-9523-A90BC42926FE}.AppStore|iPhoneSimulator.Build.0 = Debug|Any CPU
		{B83760C8-7D2C-440C-9523-A90BC42926FE}.AppStore|iPhoneSimulator.Deploy.0 = Debug|Any CPU
		{B83760C8-7D2C-440C-9523-A90BC42926FE}.AppStore|x64.ActiveCfg = Debug|Any CPU
		{B83760C8-7D2C-440C-9523-A90BC42926FE}.AppStore|x64.Build.0 = Debug|Any CPU
		{B83760C8-7D2C-440C-9523-A90BC42926FE}.AppStore|x64.Deploy.0 = Debug|Any CPU
		{B83760C8-7D2C-440C-9523-A90BC42926FE}.AppStore|x86.ActiveCfg = Debug|Any CPU
		{B83760C8-7D2C-440C-9523-A90BC42926FE}.AppStore|x86.Build.0 = Debug|Any CPU
		{B83760C8-7D2C-440C-9523-A90BC42926FE}.AppStore|x86.Deploy.0 = Debug|Any CPU
		{B83760C8-7D2C-440C-9523-A90BC42926FE}.Debug|Any CPU.ActiveCfg = Debug|Any CPU
		{B83760C8-7D2C-440C-9523-A90BC42926FE}.Debug|Any CPU.Build.0 = Debug|Any CPU
		{B83760C8-7D2C-440C-9523-A90BC42926FE}.Debug|Any CPU.Deploy.0 = Debug|Any CPU
		{B83760C8-7D2C-440C-9523-A90BC42926FE}.Debug|ARM.ActiveCfg = Debug|Any CPU
		{B83760C8-7D2C-440C-9523-A90BC42926FE}.Debug|ARM.Build.0 = Debug|Any CPU
		{B83760C8-7D2C-440C-9523-A90BC42926FE}.Debug|ARM.Deploy.0 = Debug|Any CPU
		{B83760C8-7D2C-440C-9523-A90BC42926FE}.Debug|iPhone.ActiveCfg = Debug|Any CPU
		{B83760C8-7D2C-440C-9523-A90BC42926FE}.Debug|iPhone.Build.0 = Debug|Any CPU
		{B83760C8-7D2C-440C-9523-A90BC42926FE}.Debug|iPhone.Deploy.0 = Debug|Any CPU
		{B83760C8-7D2C-440C-9523-A90BC42926FE}.Debug|iPhoneSimulator.ActiveCfg = Debug|Any CPU
		{B83760C8-7D2C-440C-9523-A90BC42926FE}.Debug|iPhoneSimulator.Build.0 = Debug|Any CPU
		{B83760C8-7D2C-440C-9523-A90BC42926FE}.Debug|iPhoneSimulator.Deploy.0 = Debug|Any CPU
		{B83760C8-7D2C-440C-9523-A90BC42926FE}.Debug|x64.ActiveCfg = Debug|Any CPU
		{B83760C8-7D2C-440C-9523-A90BC42926FE}.Debug|x64.Build.0 = Debug|Any CPU
		{B83760C8-7D2C-440C-9523-A90BC42926FE}.Debug|x64.Deploy.0 = Debug|Any CPU
		{B83760C8-7D2C-440C-9523-A90BC42926FE}.Debug|x86.ActiveCfg = Debug|Any CPU
		{B83760C8-7D2C-440C-9523-A90BC42926FE}.Debug|x86.Build.0 = Debug|Any CPU
		{B83760C8-7D2C-440C-9523-A90BC42926FE}.Debug|x86.Deploy.0 = Debug|Any CPU
		{B83760C8-7D2C-440C-9523-A90BC42926FE}.Release|Any CPU.ActiveCfg = Release|Any CPU
		{B83760C8-7D2C-440C-9523-A90BC42926FE}.Release|Any CPU.Build.0 = Release|Any CPU
		{B83760C8-7D2C-440C-9523-A90BC42926FE}.Release|Any CPU.Deploy.0 = Release|Any CPU
		{B83760C8-7D2C-440C-9523-A90BC42926FE}.Release|ARM.ActiveCfg = Release|Any CPU
		{B83760C8-7D2C-440C-9523-A90BC42926FE}.Release|ARM.Build.0 = Release|Any CPU
		{B83760C8-7D2C-440C-9523-A90BC42926FE}.Release|ARM.Deploy.0 = Release|Any CPU
		{B83760C8-7D2C-440C-9523-A90BC42926FE}.Release|iPhone.ActiveCfg = Release|Any CPU
		{B83760C8-7D2C-440C-9523-A90BC42926FE}.Release|iPhone.Build.0 = Release|Any CPU
		{B83760C8-7D2C-440C-9523-A90BC42926FE}.Release|iPhone.Deploy.0 = Release|Any CPU
		{B83760C8-7D2C-440C-9523-A90BC42926FE}.Release|iPhoneSimulator.ActiveCfg = Release|Any CPU
		{B83760C8-7D2C-440C-9523-A90BC42926FE}.Release|iPhoneSimulator.Build.0 = Release|Any CPU
		{B83760C8-7D2C-440C-9523-A90BC42926FE}.Release|iPhoneSimulator.Deploy.0 = Release|Any CPU
		{B83760C8-7D2C-440C-9523-A90BC42926FE}.Release|x64.ActiveCfg = Release|Any CPU
		{B83760C8-7D2C-440C-9523-A90BC42926FE}.Release|x64.Build.0 = Release|Any CPU
		{B83760C8-7D2C-440C-9523-A90BC42926FE}.Release|x64.Deploy.0 = Release|Any CPU
		{B83760C8-7D2C-440C-9523-A90BC42926FE}.Release|x86.ActiveCfg = Release|Any CPU
		{B83760C8-7D2C-440C-9523-A90BC42926FE}.Release|x86.Build.0 = Release|Any CPU
		{B83760C8-7D2C-440C-9523-A90BC42926FE}.Release|x86.Deploy.0 = Release|Any CPU
	EndGlobalSection
	GlobalSection(SolutionProperties) = preSolution
		HideSolutionNode = FALSE
	EndGlobalSection
	GlobalSection(ExtensibilityGlobals) = postSolution
		SolutionGuid = {539E320F-B3D7-4FC3-967D-2ED3D8BDBDD8}
	EndGlobalSection
EndGlobal
